// !$*UTF8*$!
{
	archiveVersion = 1;
	classes = {
	};
	objectVersion = 50;
	objects = {

/* Begin PBXBuildFile section */
		4EC256E7237470E60010A8D9 /* AppDelegate.swift in Sources */ = {isa = PBXBuildFile; fileRef = 4EC256E6237470E60010A8D9 /* AppDelegate.swift */; };
		4EC256E9237470E60010A8D9 /* SceneDelegate.swift in Sources */ = {isa = PBXBuildFile; fileRef = 4EC256E8237470E60010A8D9 /* SceneDelegate.swift */; };
		4EC256EB237470E60010A8D9 /* ViewController.swift in Sources */ = {isa = PBXBuildFile; fileRef = 4EC256EA237470E60010A8D9 /* ViewController.swift */; };
		4EC256EE237470E60010A8D9 /* Main.storyboard in Resources */ = {isa = PBXBuildFile; fileRef = 4EC256EC237470E60010A8D9 /* Main.storyboard */; };
		4EC256F0237470E90010A8D9 /* Assets.xcassets in Resources */ = {isa = PBXBuildFile; fileRef = 4EC256EF237470E90010A8D9 /* Assets.xcassets */; };
		4EC256F3237470E90010A8D9 /* LaunchScreen.storyboard in Resources */ = {isa = PBXBuildFile; fileRef = 4EC256F1237470E90010A8D9 /* LaunchScreen.storyboard */; };
		4EC256FE237470E90010A8D9 /* CocoaPodReviewTests.swift in Sources */ = {isa = PBXBuildFile; fileRef = 4EC256FD237470E90010A8D9 /* CocoaPodReviewTests.swift */; };
		4EC25709237471360010A8D9 /* brookLibrary.json in Resources */ = {isa = PBXBuildFile; fileRef = 4EC25708237471360010A8D9 /* brookLibrary.json */; };
		4EC2570B2374718C0010A8D9 /* libraryModel.swift in Sources */ = {isa = PBXBuildFile; fileRef = 4EC2570A2374718C0010A8D9 /* libraryModel.swift */; };
		4EC2570D237471A40010A8D9 /* locationGetter.swift in Sources */ = {isa = PBXBuildFile; fileRef = 4EC2570C237471A40010A8D9 /* locationGetter.swift */; };
/* End PBXBuildFile section */

/* Begin PBXContainerItemProxy section */
		4EC256FA237470E90010A8D9 /* PBXContainerItemProxy */ = {
			isa = PBXContainerItemProxy;
			containerPortal = 4EC256DB237470E60010A8D9 /* Project object */;
			proxyType = 1;
			remoteGlobalIDString = 4EC256E2237470E60010A8D9;
			remoteInfo = CocoaPodReview;
		};
/* End PBXContainerItemProxy section */

/* Begin PBXFileReference section */
		4EC256E3237470E60010A8D9 /* CocoaPodReview.app */ = {isa = PBXFileReference; explicitFileType = wrapper.application; includeInIndex = 0; path = CocoaPodReview.app; sourceTree = BUILT_PRODUCTS_DIR; };
		4EC256E6237470E60010A8D9 /* AppDelegate.swift */ = {isa = PBXFileReference; lastKnownFileType = sourcecode.swift; path = AppDelegate.swift; sourceTree = "<group>"; };
		4EC256E8237470E60010A8D9 /* SceneDelegate.swift */ = {isa = PBXFileReference; lastKnownFileType = sourcecode.swift; path = SceneDelegate.swift; sourceTree = "<group>"; };
		4EC256EA237470E60010A8D9 /* ViewController.swift */ = {isa = PBXFileReference; lastKnownFileType = sourcecode.swift; path = ViewController.swift; sourceTree = "<group>"; };
		4EC256ED237470E60010A8D9 /* Base */ = {isa = PBXFileReference; lastKnownFileType = file.storyboard; name = Base; path = Base.lproj/Main.storyboard; sourceTree = "<group>"; };
		4EC256EF237470E90010A8D9 /* Assets.xcassets */ = {isa = PBXFileReference; lastKnownFileType = folder.assetcatalog; path = Assets.xcassets; sourceTree = "<group>"; };
		4EC256F2237470E90010A8D9 /* Base */ = {isa = PBXFileReference; lastKnownFileType = file.storyboard; name = Base; path = Base.lproj/LaunchScreen.storyboard; sourceTree = "<group>"; };
		4EC256F4237470E90010A8D9 /* Info.plist */ = {isa = PBXFileReference; lastKnownFileType = text.plist.xml; path = Info.plist; sourceTree = "<group>"; };
		4EC256F9237470E90010A8D9 /* CocoaPodReviewTests.xctest */ = {isa = PBXFileReference; explicitFileType = wrapper.cfbundle; includeInIndex = 0; path = CocoaPodReviewTests.xctest; sourceTree = BUILT_PRODUCTS_DIR; };
		4EC256FD237470E90010A8D9 /* CocoaPodReviewTests.swift */ = {isa = PBXFileReference; lastKnownFileType = sourcecode.swift; path = CocoaPodReviewTests.swift; sourceTree = "<group>"; };
		4EC256FF237470E90010A8D9 /* Info.plist */ = {isa = PBXFileReference; lastKnownFileType = text.plist.xml; path = Info.plist; sourceTree = "<group>"; };
		4EC25708237471360010A8D9 /* brookLibrary.json */ = {isa = PBXFileReference; lastKnownFileType = text.json; path = brookLibrary.json; sourceTree = "<group>"; };
		4EC2570A2374718C0010A8D9 /* libraryModel.swift */ = {isa = PBXFileReference; lastKnownFileType = sourcecode.swift; path = libraryModel.swift; sourceTree = "<group>"; };
		4EC2570C237471A40010A8D9 /* locationGetter.swift */ = {isa = PBXFileReference; lastKnownFileType = sourcecode.swift; path = locationGetter.swift; sourceTree = "<group>"; };
/* End PBXFileReference section */

/* Begin PBXFrameworksBuildPhase section */
		4EC256E0237470E60010A8D9 /* Frameworks */ = {
			isa = PBXFrameworksBuildPhase;
			buildActionMask = 2147483647;
			files = (
			);
			runOnlyForDeploymentPostprocessing = 0;
		};
		4EC256F6237470E90010A8D9 /* Frameworks */ = {
			isa = PBXFrameworksBuildPhase;
			buildActionMask = 2147483647;
			files = (
			);
			runOnlyForDeploymentPostprocessing = 0;
		};
/* End PBXFrameworksBuildPhase section */

/* Begin PBXGroup section */
		4EC256DA237470E60010A8D9 = {
			isa = PBXGroup;
			children = (
				4EC256E5237470E60010A8D9 /* CocoaPodReview */,
				4EC256FC237470E90010A8D9 /* CocoaPodReviewTests */,
				4EC256E4237470E60010A8D9 /* Products */,
			);
			sourceTree = "<group>";
		};
		4EC256E4237470E60010A8D9 /* Products */ = {
			isa = PBXGroup;
			children = (
				4EC256E3237470E60010A8D9 /* CocoaPodReview.app */,
				4EC256F9237470E90010A8D9 /* CocoaPodReviewTests.xctest */,
			);
			name = Products;
			sourceTree = "<group>";
		};
		4EC256E5237470E60010A8D9 /* CocoaPodReview */ = {
			isa = PBXGroup;
			children = (
				4EC25708237471360010A8D9 /* brookLibrary.json */,
				4EC2570A2374718C0010A8D9 /* libraryModel.swift */,
				4EC256E6237470E60010A8D9 /* AppDelegate.swift */,
				4EC2570C237471A40010A8D9 /* locationGetter.swift */,
				4EC256E8237470E60010A8D9 /* SceneDelegate.swift */,
				4EC256EA237470E60010A8D9 /* ViewController.swift */,
				4EC256EC237470E60010A8D9 /* Main.storyboard */,
				4EC256EF237470E90010A8D9 /* Assets.xcassets */,
				4EC256F1237470E90010A8D9 /* LaunchScreen.storyboard */,
				4EC256F4237470E90010A8D9 /* Info.plist */,
			);
			path = CocoaPodReview;
			sourceTree = "<group>";
		};
		4EC256FC237470E90010A8D9 /* CocoaPodReviewTests */ = {
			isa = PBXGroup;
			children = (
				4EC256FD237470E90010A8D9 /* CocoaPodReviewTests.swift */,
				4EC256FF237470E90010A8D9 /* Info.plist */,
			);
			path = CocoaPodReviewTests;
			sourceTree = "<group>";
		};
/* End PBXGroup section */

/* Begin PBXNativeTarget section */
		4EC256E2237470E60010A8D9 /* CocoaPodReview */ = {
			isa = PBXNativeTarget;
			buildConfigurationList = 4EC25702237470E90010A8D9 /* Build configuration list for PBXNativeTarget "CocoaPodReview" */;
			buildPhases = (
				4EC256DF237470E60010A8D9 /* Sources */,
				4EC256E0237470E60010A8D9 /* Frameworks */,
				4EC256E1237470E60010A8D9 /* Resources */,
			);
			buildRules = (
			);
			dependencies = (
			);
			name = CocoaPodReview;
			productName = CocoaPodReview;
			productReference = 4EC256E3237470E60010A8D9 /* CocoaPodReview.app */;
			productType = "com.apple.product-type.application";
		};
		4EC256F8237470E90010A8D9 /* CocoaPodReviewTests */ = {
			isa = PBXNativeTarget;
			buildConfigurationList = 4EC25705237470E90010A8D9 /* Build configuration list for PBXNativeTarget "CocoaPodReviewTests" */;
			buildPhases = (
				4EC256F5237470E90010A8D9 /* Sources */,
				4EC256F6237470E90010A8D9 /* Frameworks */,
				4EC256F7237470E90010A8D9 /* Resources */,
			);
			buildRules = (
			);
			dependencies = (
				4EC256FB237470E90010A8D9 /* PBXTargetDependency */,
			);
			name = CocoaPodReviewTests;
			productName = CocoaPodReviewTests;
			productReference = 4EC256F9237470E90010A8D9 /* CocoaPodReviewTests.xctest */;
			productType = "com.apple.product-type.bundle.unit-test";
		};
/* End PBXNativeTarget section */

/* Begin PBXProject section */
		4EC256DB237470E60010A8D9 /* Project object */ = {
			isa = PBXProject;
			attributes = {
				LastSwiftUpdateCheck = 1110;
				LastUpgradeCheck = 1110;
				ORGANIZATIONNAME = "Tia Lendor";
				TargetAttributes = {
					4EC256E2237470E60010A8D9 = {
						CreatedOnToolsVersion = 11.1;
					};
					4EC256F8237470E90010A8D9 = {
						CreatedOnToolsVersion = 11.1;
						TestTargetID = 4EC256E2237470E60010A8D9;
					};
				};
			};
			buildConfigurationList = 4EC256DE237470E60010A8D9 /* Build configuration list for PBXProject "CocoaPodReview" */;
			compatibilityVersion = "Xcode 9.3";
			developmentRegion = en;
			hasScannedForEncodings = 0;
			knownRegions = (
				en,
				Base,
			);
			mainGroup = 4EC256DA237470E60010A8D9;
			productRefGroup = 4EC256E4237470E60010A8D9 /* Products */;
			projectDirPath = "";
			projectRoot = "";
			targets = (
				4EC256E2237470E60010A8D9 /* CocoaPodReview */,
				4EC256F8237470E90010A8D9 /* CocoaPodReviewTests */,
			);
		};
/* End PBXProject section */

/* Begin PBXResourcesBuildPhase section */
		4EC256E1237470E60010A8D9 /* Resources */ = {
			isa = PBXResourcesBuildPhase;
			buildActionMask = 2147483647;
			files = (
				4EC256F3237470E90010A8D9 /* LaunchScreen.storyboard in Resources */,
				4EC256F0237470E90010A8D9 /* Assets.xcassets in Resources */,
				4EC256EE237470E60010A8D9 /* Main.storyboard in Resources */,
				4EC25709237471360010A8D9 /* brookLibrary.json in Resources */,
			);
			runOnlyForDeploymentPostprocessing = 0;
		};
		4EC256F7237470E90010A8D9 /* Resources */ = {
			isa = PBXResourcesBuildPhase;
			buildActionMask = 2147483647;
			files = (
			);
			runOnlyForDeploymentPostprocessing = 0;
		};
/* End PBXResourcesBuildPhase section */

/* Begin PBXSourcesBuildPhase section */
		4EC256DF237470E60010A8D9 /* Sources */ = {
			isa = PBXSourcesBuildPhase;
			buildActionMask = 2147483647;
			files = (
				4EC256EB237470E60010A8D9 /* ViewController.swift in Sources */,
				4EC256E7237470E60010A8D9 /* AppDelegate.swift in Sources */,
				4EC2570D237471A40010A8D9 /* locationGetter.swift in Sources */,
				4EC256E9237470E60010A8D9 /* SceneDelegate.swift in Sources */,
				4EC2570B2374718C0010A8D9 /* libraryModel.swift in Sources */,
			);
			runOnlyForDeploymentPostprocessing = 0;
		};
		4EC256F5237470E90010A8D9 /* Sources */ = {
			isa = PBXSourcesBuildPhase;
			buildActionMask = 2147483647;
			files = (
				4EC256FE237470E90010A8D9 /* CocoaPodReviewTests.swift in Sources */,
			);
			runOnlyForDeploymentPostprocessing = 0;
		};
/* End PBXSourcesBuildPhase section */

/* Begin PBXTargetDependency section */
		4EC256FB237470E90010A8D9 /* PBXTargetDependency */ = {
			isa = PBXTargetDependency;
			target = 4EC256E2237470E60010A8D9 /* CocoaPodReview */;
			targetProxy = 4EC256FA237470E90010A8D9 /* PBXContainerItemProxy */;
		};
/* End PBXTargetDependency section */

/* Begin PBXVariantGroup section */
		4EC256EC237470E60010A8D9 /* Main.storyboard */ = {
			isa = PBXVariantGroup;
			children = (
				4EC256ED237470E60010A8D9 /* Base */,
			);
			name = Main.storyboard;
			sourceTree = "<group>";
		};
		4EC256F1237470E90010A8D9 /* LaunchScreen.storyboard */ = {
			isa = PBXVariantGroup;
			children = (
				4EC256F2237470E90010A8D9 /* Base */,
			);
			name = LaunchScreen.storyboard;
			sourceTree = "<group>";
		};
/* End PBXVariantGroup section */

/* Begin XCBuildConfiguration section */
		4EC25700237470E90010A8D9 /* Debug */ = {
			isa = XCBuildConfiguration;
			buildSettings = {
				ALWAYS_SEARCH_USER_PATHS = NO;
				CLANG_ANALYZER_NONNULL = YES;
				CLANG_ANALYZER_NUMBER_OBJECT_CONVERSION = YES_AGGRESSIVE;
				CLANG_CXX_LANGUAGE_STANDARD = "gnu++14";
				CLANG_CXX_LIBRARY = "libc++";
				CLANG_ENABLE_MODULES = YES;
				CLANG_ENABLE_OBJC_ARC = YES;
				CLANG_ENABLE_OBJC_WEAK = YES;
				CLANG_WARN_BLOCK_CAPTURE_AUTORELEASING = YES;
				CLANG_WARN_BOOL_CONVERSION = YES;
				CLANG_WARN_COMMA = YES;
				CLANG_WARN_CONSTANT_CONVERSION = YES;
				CLANG_WARN_DEPRECATED_OBJC_IMPLEMENTATIONS = YES;
				CLANG_WARN_DIRECT_OBJC_ISA_USAGE = YES_ERROR;
				CLANG_WARN_DOCUMENTATION_COMMENTS = YES;
				CLANG_WARN_EMPTY_BODY = YES;
				CLANG_WARN_ENUM_CONVERSION = YES;
				CLANG_WARN_INFINITE_RECURSION = YES;
				CLANG_WARN_INT_CONVERSION = YES;
				CLANG_WARN_NON_LITERAL_NULL_CONVERSION = YES;
				CLANG_WARN_OBJC_IMPLICIT_RETAIN_SELF = YES;
				CLANG_WARN_OBJC_LITERAL_CONVERSION = YES;
				CLANG_WARN_OBJC_ROOT_CLASS = YES_ERROR;
				CLANG_WARN_RANGE_LOOP_ANALYSIS = YES;
				CLANG_WARN_STRICT_PROTOTYPES = YES;
				CLANG_WARN_SUSPICIOUS_MOVE = YES;
				CLANG_WARN_UNGUARDED_AVAILABILITY = YES_AGGRESSIVE;
				CLANG_WARN_UNREACHABLE_CODE = YES;
				CLANG_WARN__DUPLICATE_METHOD_MATCH = YES;
				COPY_PHASE_STRIP = NO;
				DEBUG_INFORMATION_FORMAT = dwarf;
				ENABLE_STRICT_OBJC_MSGSEND = YES;
				ENABLE_TESTABILITY = YES;
				GCC_C_LANGUAGE_STANDARD = gnu11;
				GCC_DYNAMIC_NO_PIC = NO;
				GCC_NO_COMMON_BLOCKS = YES;
				GCC_OPTIMIZATION_LEVEL = 0;
				GCC_PREPROCESSOR_DEFINITIONS = (
					"DEBUG=1",
					"$(inherited)",
				);
				GCC_WARN_64_TO_32_BIT_CONVERSION = YES;
				GCC_WARN_ABOUT_RETURN_TYPE = YES_ERROR;
				GCC_WARN_UNDECLARED_SELECTOR = YES;
				GCC_WARN_UNINITIALIZED_AUTOS = YES_AGGRESSIVE;
				GCC_WARN_UNUSED_FUNCTION = YES;
				GCC_WARN_UNUSED_VARIABLE = YES;
				IPHONEOS_DEPLOYMENT_TARGET = 13.1;
				MTL_ENABLE_DEBUG_INFO = INCLUDE_SOURCE;
				MTL_FAST_MATH = YES;
				ONLY_ACTIVE_ARCH = YES;
				SDKROOT = iphoneos;
				SWIFT_ACTIVE_COMPILATION_CONDITIONS = DEBUG;
				SWIFT_OPTIMIZATION_LEVEL = "-Onone";
			};
			name = Debug;
		};
		4EC25701237470E90010A8D9 /* Release */ = {
			isa = XCBuildConfiguration;
			buildSettings = {
				ALWAYS_SEARCH_USER_PATHS = NO;
				CLANG_ANALYZER_NONNULL = YES;
				CLANG_ANALYZER_NUMBER_OBJECT_CONVERSION = YES_AGGRESSIVE;
				CLANG_CXX_LANGUAGE_STANDARD = "gnu++14";
				CLANG_CXX_LIBRARY = "libc++";
				CLANG_ENABLE_MODULES = YES;
				CLANG_ENABLE_OBJC_ARC = YES;
				CLANG_ENABLE_OBJC_WEAK = YES;
				CLANG_WARN_BLOCK_CAPTURE_AUTORELEASING = YES;
				CLANG_WARN_BOOL_CONVERSION = YES;
				CLANG_WARN_COMMA = YES;
				CLANG_WARN_CONSTANT_CONVERSION = YES;
				CLANG_WARN_DEPRECATED_OBJC_IMPLEMENTATIONS = YES;
				CLANG_WARN_DIRECT_OBJC_ISA_USAGE = YES_ERROR;
				CLANG_WARN_DOCUMENTATION_COMMENTS = YES;
				CLANG_WARN_EMPTY_BODY = YES;
				CLANG_WARN_ENUM_CONVERSION = YES;
				CLANG_WARN_INFINITE_RECURSION = YES;
				CLANG_WARN_INT_CONVERSION = YES;
				CLANG_WARN_NON_LITERAL_NULL_CONVERSION = YES;
				CLANG_WARN_OBJC_IMPLICIT_RETAIN_SELF = YES;
				CLANG_WARN_OBJC_LITERAL_CONVERSION = YES;
				CLANG_WARN_OBJC_ROOT_CLASS = YES_ERROR;
				CLANG_WARN_RANGE_LOOP_ANALYSIS = YES;
				CLANG_WARN_STRICT_PROTOTYPES = YES;
				CLANG_WARN_SUSPICIOUS_MOVE = YES;
				CLANG_WARN_UNGUARDED_AVAILABILITY = YES_AGGRESSIVE;
				CLANG_WARN_UNREACHABLE_CODE = YES;
				CLANG_WARN__DUPLICATE_METHOD_MATCH = YES;
				COPY_PHASE_STRIP = NO;
				DEBUG_INFORMATION_FORMAT = "dwarf-with-dsym";
				ENABLE_NS_ASSERTIONS = NO;
				ENABLE_STRICT_OBJC_MSGSEND = YES;
				GCC_C_LANGUAGE_STANDARD = gnu11;
				GCC_NO_COMMON_BLOCKS = YES;
				GCC_WARN_64_TO_32_BIT_CONVERSION = YES;
				GCC_WARN_ABOUT_RETURN_TYPE = YES_ERROR;
				GCC_WARN_UNDECLARED_SELECTOR = YES;
				GCC_WARN_UNINITIALIZED_AUTOS = YES_AGGRESSIVE;
				GCC_WARN_UNUSED_FUNCTION = YES;
				GCC_WARN_UNUSED_VARIABLE = YES;
				IPHONEOS_DEPLOYMENT_TARGET = 13.1;
				MTL_ENABLE_DEBUG_INFO = NO;
				MTL_FAST_MATH = YES;
				SDKROOT = iphoneos;
				SWIFT_COMPILATION_MODE = wholemodule;
				SWIFT_OPTIMIZATION_LEVEL = "-O";
				VALIDATE_PRODUCT = YES;
			};
			name = Release;
		};
		4EC25703237470E90010A8D9 /* Debug */ = {
			isa = XCBuildConfiguration;
			buildSettings = {
				ASSETCATALOG_COMPILER_APPICON_NAME = AppIcon;
				CODE_SIGN_STYLE = Automatic;
				INFOPLIST_FILE = CocoaPodReview/Info.plist;
				LD_RUNPATH_SEARCH_PATHS = (
					"$(inherited)",
					"@executable_path/Frameworks",
				);
				PRODUCT_BUNDLE_IDENTIFIER = tikiproductions.CocoaPodReview;
				PRODUCT_NAME = "$(TARGET_NAME)";
				SWIFT_VERSION = 5.0;
				TARGETED_DEVICE_FAMILY = "1,2";
			};
			name = Debug;
		};
		4EC25704237470E90010A8D9 /* Release */ = {
			isa = XCBuildConfiguration;
			buildSettings = {
				ASSETCATALOG_COMPILER_APPICON_NAME = AppIcon;
				CODE_SIGN_STYLE = Automatic;
				INFOPLIST_FILE = CocoaPodReview/Info.plist;
				LD_RUNPATH_SEARCH_PATHS = (
					"$(inherited)",
					"@executable_path/Frameworks",
				);
				PRODUCT_BUNDLE_IDENTIFIER = tikiproductions.CocoaPodReview;
				PRODUCT_NAME = "$(TARGET_NAME)";
				SWIFT_VERSION = 5.0;
				TARGETED_DEVICE_FAMILY = "1,2";
			};
			name = Release;
		};
		4EC25706237470E90010A8D9 /* Debug */ = {
			isa = XCBuildConfiguration;
			buildSettings = {
				ALWAYS_EMBED_SWIFT_STANDARD_LIBRARIES = YES;
				BUNDLE_LOADER = "$(TEST_HOST)";
				CODE_SIGN_STYLE = Automatic;
				INFOPLIST_FILE = CocoaPodReviewTests/Info.plist;
				IPHONEOS_DEPLOYMENT_TARGET = 13.1;
				LD_RUNPATH_SEARCH_PATHS = (
					"$(inherited)",
					"@executable_path/Frameworks",
					"@loader_path/Frameworks",
				);
				PRODUCT_BUNDLE_IDENTIFIER = tikiproductions.CocoaPodReviewTests;
				PRODUCT_NAME = "$(TARGET_NAME)";
				SWIFT_VERSION = 5.0;
				TARGETED_DEVICE_FAMILY = "1,2";
				TEST_HOST = "$(BUILT_PRODUCTS_DIR)/CocoaPodReview.app/CocoaPodReview";
			};
			name = Debug;
		};
		4EC25707237470E90010A8D9 /* Release */ = {
			isa = XCBuildConfiguration;
			buildSettings = {
				ALWAYS_EMBED_SWIFT_STANDARD_LIBRARIES = YES;
				BUNDLE_LOADER = "$(TEST_HOST)";
				CODE_SIGN_STYLE = Automatic;
				INFOPLIST_FILE = CocoaPodReviewTests/Info.plist;
				IPHONEOS_DEPLOYMENT_TARGET = 13.1;
				LD_RUNPATH_SEARCH_PATHS = (
					"$(inherited)",
					"@executable_path/Frameworks",
					"@loader_path/Frameworks",
				);
				PRODUCT_BUNDLE_IDENTIFIER = tikiproductions.CocoaPodReviewTests;
				PRODUCT_NAME = "$(TARGET_NAME)";
				SWIFT_VERSION = 5.0;
				TARGETED_DEVICE_FAMILY = "1,2";
				TEST_HOST = "$(BUILT_PRODUCTS_DIR)/CocoaPodReview.app/CocoaPodReview";
			};
			name = Release;
		};
/* End XCBuildConfiguration section */

/* Begin XCConfigurationList section */
		4EC256DE237470E60010A8D9 /* Build configuration list for PBXProject "CocoaPodReview" */ = {
			isa = XCConfigurationList;
			buildConfigurations = (
				4EC25700237470E90010A8D9 /* Debug */,
				4EC25701237470E90010A8D9 /* Release */,
			);
			defaultConfigurationIsVisible = 0;
			defaultConfigurationName = Release;
		};
		4EC25702237470E90010A8D9 /* Build configuration list for PBXNativeTarget "CocoaPodReview" */ = {
			isa = XCConfigurationList;
			buildConfigurations = (
				4EC25703237470E90010A8D9 /* Debug */,
				4EC25704237470E90010A8D9 /* Release */,
			);
			defaultConfigurationIsVisible = 0;
			defaultConfigurationName = Release;
		};
		4EC25705237470E90010A8D9 /* Build configuration list for PBXNativeTarget "CocoaPodReviewTests" */ = {
			isa = XCConfigurationList;
			buildConfigurations = (
				4EC25706237470E90010A8D9 /* Debug */,
				4EC25707237470E90010A8D9 /* Release */,
			);
			defaultConfigurationIsVisible = 0;
			defaultConfigurationName = Release;
		};
/* End XCConfigurationList section */
	};
	rootObject = 4EC256DB237470E60010A8D9 /* Project object */;
}
